
Microsoft Visual Studio Solution File, Format Version 12.00
# Visual Studio Version 16
VisualStudioVersion = 16.0.31402.337
MinimumVisualStudioVersion = 10.0.40219.1
Project("{FAE04EC0-301F-11D3-BF4B-00C04F79EFBC}") = "AutoBeheerV2", "AutoBeheerV2\AutoBeheerV2.csproj", "{BD229675-D357-4153-B6CB-04733ACA7936}"
EndProject
Global
	GlobalSection(SolutionConfigurationPlatforms) = preSolution
		Debug|Any CPU = Debug|Any CPU
		Release|Any CPU = Release|Any CPU
	EndGlobalSection
	GlobalSection(ProjectConfigurationPlatforms) = postSolution
		{BD229675-D357-4153-B6CB-04733ACA7936}.Debug|Any CPU.ActiveCfg = Debug|Any CPU
		{BD229675-D357-4153-B6CB-04733ACA7936}.Debug|Any CPU.Build.0 = Debug|Any CPU
		{BD229675-D357-4153-B6CB-04733ACA7936}.Release|Any CPU.ActiveCfg = Release|Any CPU
		{BD229675-D357-4153-B6CB-04733ACA7936}.Release|Any CPU.Build.0 = Release|Any CPU
	EndGlobalSection
	GlobalSection(SolutionProperties) = preSolution
		HideSolutionNode = FALSE
	EndGlobalSection
	GlobalSection(ExtensibilityGlobals) = postSolution
		SolutionGuid = {FFB24D3C-CB75-4C19-9FFA-F50F42B0A9AE}
	EndGlobalSection
EndGlobal
